
Microsoft Visual Studio Solution File, Format Version 12.00
# Visual Studio Version 17
VisualStudioVersion = 17.14.36202.13 d17.14
MinimumVisualStudioVersion = 10.0.40219.1
Project("{FAE04EC0-301F-11D3-BF4B-00C04F79EFBC}") = "NegocioBD", "NegocioBD\NegocioBD.csproj", "{E7BB32A8-6901-4D03-A262-0C3CF9115395}"
EndProject
Global
	GlobalSection(SolutionConfigurationPlatforms) = preSolution
		Debug|Any CPU = Debug|Any CPU
		Release|Any CPU = Release|Any CPU
	EndGlobalSection
	GlobalSection(ProjectConfigurationPlatforms) = postSolution
		{E7BB32A8-6901-4D03-A262-0C3CF9115395}.Debug|Any CPU.ActiveCfg = Debug|Any CPU
		{E7BB32A8-6901-4D03-A262-0C3CF9115395}.Debug|Any CPU.Build.0 = Debug|Any CPU
		{E7BB32A8-6901-4D03-A262-0C3CF9115395}.Release|Any CPU.ActiveCfg = Release|Any CPU
		{E7BB32A8-6901-4D03-A262-0C3CF9115395}.Release|Any CPU.Build.0 = Release|Any CPU
	EndGlobalSection
	GlobalSection(SolutionProperties) = preSolution
		HideSolutionNode = FALSE
	EndGlobalSection
	GlobalSection(ExtensibilityGlobals) = postSolution
		SolutionGuid = {454A7C33-F41A-49AE-AF26-07FD19A76735}
	EndGlobalSection
EndGlobal
